
Microsoft Visual Studio Solution File, Format Version 12.00
# Visual Studio Version 16
VisualStudioVersion = 16.0.31727.386
MinimumVisualStudioVersion = 10.0.40219.1
Project("{FAE04EC0-301F-11D3-BF4B-00C04F79EFBC}") = "IndividualVar6", "IndividualVar6\IndividualVar6.csproj", "{B77B9684-0CE7-43C4-AB6B-E5B1F0A6F167}"
EndProject
Project("{FAE04EC0-301F-11D3-BF4B-00C04F79EFBC}") = "IndividVar6Z2", "IndividVar6Z2\IndividVar6Z2.csproj", "{B7F470C5-1B04-48FC-B30B-4851BA575738}"
EndProject
Global
	GlobalSection(SolutionConfigurationPlatforms) = preSolution
		Debug|Any CPU = Debug|Any CPU
		Release|Any CPU = Release|Any CPU
	EndGlobalSection
	GlobalSection(ProjectConfigurationPlatforms) = postSolution
		{B77B9684-0CE7-43C4-AB6B-E5B1F0A6F167}.Debug|Any CPU.ActiveCfg = Debug|Any CPU
		{B77B9684-0CE7-43C4-AB6B-E5B1F0A6F167}.Debug|Any CPU.Build.0 = Debug|Any CPU
		{B77B9684-0CE7-43C4-AB6B-E5B1F0A6F167}.Release|Any CPU.ActiveCfg = Release|Any CPU
		{B77B9684-0CE7-43C4-AB6B-E5B1F0A6F167}.Release|Any CPU.Build.0 = Release|Any CPU
		{B7F470C5-1B04-48FC-B30B-4851BA575738}.Debug|Any CPU.ActiveCfg = Debug|Any CPU
		{B7F470C5-1B04-48FC-B30B-4851BA575738}.Debug|Any CPU.Build.0 = Debug|Any CPU
		{B7F470C5-1B04-48FC-B30B-4851BA575738}.Release|Any CPU.ActiveCfg = Release|Any CPU
		{B7F470C5-1B04-48FC-B30B-4851BA575738}.Release|Any CPU.Build.0 = Release|Any CPU
	EndGlobalSection
	GlobalSection(SolutionProperties) = preSolution
		HideSolutionNode = FALSE
	EndGlobalSection
	GlobalSection(ExtensibilityGlobals) = postSolution
		SolutionGuid = {31D7233D-BDFB-4704-B11E-53D4039BBACD}
	EndGlobalSection
EndGlobal
